<?xml version="1.0" encoding="utf-8"?>
<Project ToolsVersion="4.0" xmlns="http://schemas.microsoft.com/developer/msbuild/2003">
  <ItemGroup>
    <Filter Include="imgui">
      <UniqueIdentifier>{27cae28e-9e0d-4283-a3d0-6e64d24c3e71}</UniqueIdentifier>
    </Filter>
    <Filter Include="hooks">
      <UniqueIdentifier>{ce229b91-c80d-4470-9886-9b5470fc6318}</UniqueIdentifier>
    </Filter>
    <Filter Include="sdk">
      <UniqueIdentifier>{571895f6-43ce-46bd-aef5-5bf43ec81e86}</UniqueIdentifier>
    </Filter>
    <Filter Include="utils">
      <UniqueIdentifier>{f8f347d9-8473-45bf-906d-d0664011bf91}</UniqueIdentifier>
    </Filter>
    <Filter Include="sdk\entities">
      <UniqueIdentifier>{8ccd2983-81e0-4058-81bc-19132025e6c3}</UniqueIdentifier>
    </Filter>
    <Filter Include="utils\pattern_scan">
      <UniqueIdentifier>{7f25701d-43b1-4d05-ac6c-70ccc34a486f}</UniqueIdentifier>
    </Filter>
    <Filter Include="render">
      <UniqueIdentifier>{32608491-b252-4a74-ad6c-2325208a855d}</UniqueIdentifier>
    </Filter>
    <Filter Include="math">
      <UniqueIdentifier>{80db7015-ec4e-4f80-8c64-93444dfe67f1}</UniqueIdentifier>
    </Filter>
    <Filter Include="sdk\math">
      <UniqueIdentifier>{a13a7de8-7ba2-492e-8f60-3a4062db7022}</UniqueIdentifier>
    </Filter>
    <Filter Include="sdk\math\matrix">
      <UniqueIdentifier>{1940326e-1f74-48f3-bc00-703c98408fc5}</UniqueIdentifier>
    </Filter>
    <Filter Include="sdk\math\vector">
      <UniqueIdentifier>{f302d89d-762a-445f-82b3-e3d5553c5110}</UniqueIdentifier>
    </Filter>
    <Filter Include="sdk\interfaces">
      <UniqueIdentifier>{c296cf10-7aba-4676-82d2-b466fe96b84e}</UniqueIdentifier>
    </Filter>
    <Filter Include="sdk\interfaces\CGameEntitySystem">
      <UniqueIdentifier>{2f87c153-e152-4492-b3d0-928fea3b0746}</UniqueIdentifier>
    </Filter>
    <Filter Include="math\world_to_screen">
      <UniqueIdentifier>{1f83b0c7-09b8-4397-b3af-3118778defa6}</UniqueIdentifier>
    </Filter>
    <Filter Include="render\utils">
      <UniqueIdentifier>{46848350-4416-40a9-b867-b5b62b80ca00}</UniqueIdentifier>
    </Filter>
    <Filter Include="render\utils\colors">
      <UniqueIdentifier>{ae9d1bff-4764-4f26-853a-9d65e8b5106a}</UniqueIdentifier>
    </Filter>
    <Filter Include="render\utils\gui">
      <UniqueIdentifier>{9f261824-f4c6-47b1-a87d-176211b5d7bd}</UniqueIdentifier>
    </Filter>
    <Filter Include="hooks\game_overlay">
      <UniqueIdentifier>{8a872087-07d5-4466-9f45-6edab7c725af}</UniqueIdentifier>
    </Filter>
    <Filter Include="imgui\impl">
      <UniqueIdentifier>{247c1a4a-37f7-407b-8403-f0d59938c840}</UniqueIdentifier>
    </Filter>
    <Filter Include="utils\console">
      <UniqueIdentifier>{96b4694c-fa20-4281-9f0e-21f4b48d4775}</UniqueIdentifier>
    </Filter>
    <Filter Include="sdk\interfaces\CBone">
      <UniqueIdentifier>{5abce9fe-b853-4f38-946f-759b2090f5f0}</UniqueIdentifier>
    </Filter>
    <Filter Include="main">
      <UniqueIdentifier>{4FC737F1-C7A5-4376-A066-2A32D752A2FF}</UniqueIdentifier>
      <Extensions>cpp;c;cc;cxx;c++;cppm;ixx;def;odl;idl;hpj;bat;asm;asmx</Extensions>
    </Filter>
    <Filter Include="sdk\interfaces\CCollisionProperty">
      <UniqueIdentifier>{9a00bf89-a004-4d68-b1e1-2de25c8107cf}</UniqueIdentifier>
    </Filter>
    <Filter Include="sdk\interfaces\CPlayer_MovementServices">
      <UniqueIdentifier>{89692624-b186-4685-a58a-b436e2068499}</UniqueIdentifier>
    </Filter>
    <Filter Include="sdk\interfaces\CGameSceneNode">
      <UniqueIdentifier>{053e94f8-6fc3-45ec-bb07-bd3b3816ae3a}</UniqueIdentifier>
    </Filter>
    <Filter Include="sdk\interfaces\CModelState">
      <UniqueIdentifier>{b97643f4-af93-4539-8e2a-d86c2d557f37}</UniqueIdentifier>
    </Filter>
    <Filter Include="sdk\entities\CCSPlayerPawn">
      <UniqueIdentifier>{af2f9945-e3c9-4cf8-aed2-057d9d0eded9}</UniqueIdentifier>
    </Filter>
    <Filter Include="sdk\utils">
      <UniqueIdentifier>{fccc5701-d206-4c49-b407-5a5fcdd383fa}</UniqueIdentifier>
    </Filter>
    <Filter Include="features">
      <UniqueIdentifier>{2167d4c3-4c06-4667-a048-0f243c90aba8}</UniqueIdentifier>
    </Filter>
    <Filter Include="features\esp">
      <UniqueIdentifier>{7cd0ddc0-c5c2-4102-911a-9cc550de1676}</UniqueIdentifier>
    </Filter>
    <Filter Include="features\utils">
      <UniqueIdentifier>{10ac6238-d0ae-465f-a10d-1b5717f3af29}</UniqueIdentifier>
    </Filter>
    <Filter Include="menu">
      <UniqueIdentifier>{929f6acb-9eff-4d26-8796-3ea2c8891600}</UniqueIdentifier>
    </Filter>
    <Filter Include="menu\options">
      <UniqueIdentifier>{0138e60d-03a7-48ec-b4c7-b7c8e51b382c}</UniqueIdentifier>
    </Filter>
    <Filter Include="sdk\interfaces\ViewMatrix">
      <UniqueIdentifier>{7bceb4a6-1e7e-45a6-b373-a6ea4b88ac90}</UniqueIdentifier>
    </Filter>
    <Filter Include="sdk\interfaces\CEntityIdentity">
      <UniqueIdentifier>{cba985f2-28fe-46bc-abdf-de3a2b43275b}</UniqueIdentifier>
    </Filter>
    <Filter Include="sdk\interfaces\CEntityIterator">
      <UniqueIdentifier>{d0adac5a-b818-40c0-a037-a7edadb6be89}</UniqueIdentifier>
    </Filter>
    <Filter Include="sdk\interfaces\CEntityClass">
      <UniqueIdentifier>{a17c60b7-0985-4b55-b38a-9d86043816f1}</UniqueIdentifier>
    </Filter>
    <Filter Include="utils\valve">
      <UniqueIdentifier>{967c4e0a-cd8f-41b1-b8ed-e9f25363795b}</UniqueIdentifier>
    </Filter>
    <Filter Include="sdk\interfaces\CConcreteEntityList">
      <UniqueIdentifier>{a2ea8f5e-a3d9-40c5-8dba-645ab8ee3d3d}</UniqueIdentifier>
    </Filter>
    <Filter Include="sdk\interfaces\CPlayer_WeaponServices">
      <UniqueIdentifier>{0a8e8648-56d9-4cde-ab40-bed5357b7218}</UniqueIdentifier>
    </Filter>
    <Filter Include="sdk\interfaces\CEntityHandle">
      <UniqueIdentifier>{94125987-26ab-4903-8587-6c04067217bf}</UniqueIdentifier>
    </Filter>
    <Filter Include="sdk\interfaces\CHandle">
      <UniqueIdentifier>{eb615732-6092-4647-9770-154360fddc54}</UniqueIdentifier>
    </Filter>
    <Filter Include="sdk\interfaces\CEntityInstance">
      <UniqueIdentifier>{29049611-fa66-4f5a-87f6-3fde94904ba2}</UniqueIdentifier>
    </Filter>
    <Filter Include="sdk\entities\C_BasePlayerWeapon">
      <UniqueIdentifier>{b9e7cf8b-c4e3-4568-bd93-7b56187306fb}</UniqueIdentifier>
    </Filter>
    <Filter Include="sdk\entities\CCSPlayerController">
      <UniqueIdentifier>{057be7d5-3efb-4fe8-b904-05d33e1c6659}</UniqueIdentifier>
    </Filter>
  </ItemGroup>
  <ItemGroup>
    <ClInclude Include="imgui\imconfig.h">
      <Filter>imgui</Filter>
    </ClInclude>
    <ClInclude Include="imgui\imgui.h">
      <Filter>imgui</Filter>
    </ClInclude>
    <ClInclude Include="imgui\imgui_internal.h">
      <Filter>imgui</Filter>
    </ClInclude>
    <ClInclude Include="imgui\imstb_rectpack.h">
      <Filter>imgui</Filter>
    </ClInclude>
    <ClInclude Include="imgui\imstb_textedit.h">
      <Filter>imgui</Filter>
    </ClInclude>
    <ClInclude Include="imgui\imstb_truetype.h">
      <Filter>imgui</Filter>
    </ClInclude>
    <ClInclude Include="matrix4x4.hpp">
      <Filter>sdk\math\matrix</Filter>
    </ClInclude>
    <ClInclude Include="matrix.hpp">
      <Filter>sdk\math\matrix</Filter>
    </ClInclude>
    <ClInclude Include="sdk\offsets.hpp">
      <Filter>sdk</Filter>
    </ClInclude>
    <ClInclude Include="sdk\modules.hpp">
      <Filter>sdk</Filter>
    </ClInclude>
    <ClInclude Include="sdk\signatures.hpp">
      <Filter>sdk</Filter>
    </ClInclude>
    <ClInclude Include="sdk\entities\CCSPlayerPawn.hpp">
      <Filter>sdk\entities\CCSPlayerPawn</Filter>
    </ClInclude>
    <ClInclude Include="sdk\math\vector.hpp">
      <Filter>sdk\math</Filter>
    </ClInclude>
    <ClInclude Include="sdk\math\matrix.hpp">
      <Filter>sdk\math</Filter>
    </ClInclude>
    <ClInclude Include="sdk\math\math.hpp">
      <Filter>sdk\math</Filter>
    </ClInclude>
    <ClInclude Include="sdk\interfaces\CGameEntitySystem.hpp">
      <Filter>sdk\interfaces\CGameEntitySystem</Filter>
    </ClInclude>
    <ClInclude Include="math\world_to_screen.hpp">
      <Filter>math\world_to_screen</Filter>
    </ClInclude>
    <ClInclude Include="render\utils\im_vec_2.hpp">
      <Filter>render\utils</Filter>
    </ClInclude>
    <ClInclude Include="render\utils\colors.hpp">
      <Filter>render\utils\colors</Filter>
    </ClInclude>
    <ClInclude Include="render\utils\gui.hpp">
      <Filter>render\utils\gui</Filter>
    </ClInclude>
    <ClInclude Include="utils\pattern_scan\pattern_scan.hpp">
      <Filter>utils\pattern_scan</Filter>
    </ClInclude>
    <ClInclude Include="hooks\game_overlay.hpp">
      <Filter>hooks\game_overlay</Filter>
    </ClInclude>
    <ClInclude Include="imgui\imgui_impl_dx11.h">
      <Filter>imgui\impl</Filter>
    </ClInclude>
    <ClInclude Include="imgui\imgui_impl_win32.h">
      <Filter>imgui\impl</Filter>
    </ClInclude>
    <ClInclude Include="utils\console.hpp">
      <Filter>utils\console</Filter>
    </ClInclude>
    <ClInclude Include="render\render.hpp">
      <Filter>render</Filter>
    </ClInclude>
    <ClInclude Include="sdk\math\vector\vector_2d.hpp">
      <Filter>sdk\math\vector</Filter>
    </ClInclude>
    <ClInclude Include="sdk\math\vector\vector_3d.hpp">
      <Filter>sdk\math\vector</Filter>
    </ClInclude>
    <ClInclude Include="sdk\interfaces\CBone.hpp">
      <Filter>sdk\interfaces\CBone</Filter>
    </ClInclude>
    <ClInclude Include="sdk\interfaces\CCollisionProperty.hpp">
      <Filter>sdk\interfaces\CCollisionProperty</Filter>
    </ClInclude>
    <ClInclude Include="sdk\interfaces\CPlayer_MovementServices.hpp">
      <Filter>sdk\interfaces\CPlayer_MovementServices</Filter>
    </ClInclude>
    <ClInclude Include="sdk\interfaces\CGameSceneNode.hpp">
      <Filter>sdk\interfaces\CGameSceneNode</Filter>
    </ClInclude>
    <ClInclude Include="sdk\interfaces\CModelState.hpp">
      <Filter>sdk\interfaces\CModelState</Filter>
    </ClInclude>
    <ClInclude Include="sdk\utils\CUtlString.hpp">
      <Filter>sdk\utils</Filter>
    </ClInclude>
    <ClInclude Include="features\esp.hpp">
      <Filter>features\esp</Filter>
    </ClInclude>
    <ClInclude Include="features\utils\bounding_box.hpp">
      <Filter>features\utils</Filter>
    </ClInclude>
    <ClInclude Include="menu\menu.hpp">
      <Filter>menu</Filter>
    </ClInclude>
    <ClInclude Include="menu\options.hpp">
      <Filter>menu\options</Filter>
    </ClInclude>
    <ClInclude Include="sdk\sdk.hpp">
      <Filter>sdk</Filter>
    </ClInclude>
    <ClInclude Include="sdk\interfaces\ViewMatrix.hpp">
      <Filter>sdk\interfaces\ViewMatrix</Filter>
    </ClInclude>
    <ClInclude Include="sdk\interfaces\CEntityIdentity.hpp">
      <Filter>sdk\interfaces\CEntityIdentity</Filter>
    </ClInclude>
    <ClInclude Include="sdk\interfaces\CEntityIterator.hpp">
      <Filter>sdk\interfaces\CEntityIterator</Filter>
    </ClInclude>
    <ClInclude Include="sdk\interfaces\CEntityClass.hpp">
      <Filter>sdk\interfaces\CEntityClass</Filter>
    </ClInclude>
    <ClInclude Include="utils\valve\utlmap.hpp">
      <Filter>utils\valve</Filter>
    </ClInclude>
    <ClInclude Include="sdk\interfaces\CConcreteEntityList.hpp">
      <Filter>sdk\interfaces\CConcreteEntityList</Filter>
    </ClInclude>
    <ClInclude Include="sdk\interfaces\CPlayer_WeaponServices.hpp">
      <Filter>sdk\interfaces\CPlayer_WeaponServices</Filter>
    </ClInclude>
    <ClInclude Include="sdk\interfaces\CEntityHandle.hpp">
      <Filter>sdk\interfaces\CEntityHandle</Filter>
    </ClInclude>
    <ClInclude Include="sdk\interfaces\CHandle.hpp">
      <Filter>sdk\interfaces\CHandle</Filter>
    </ClInclude>
    <ClInclude Include="sdk\interfaces\CEntityInstance.hpp">
      <Filter>sdk\interfaces\CEntityInstance</Filter>
    </ClInclude>
    <ClInclude Include="sdk\entities\C_BasePlayerWeapon.hpp">
      <Filter>sdk\entities\C_BasePlayerWeapon</Filter>
    </ClInclude>
    <ClInclude Include="sdk\entities\CCSPlayerController.hpp">
      <Filter>sdk\entities\CCSPlayerController</Filter>
    </ClInclude>
  </ItemGroup>
  <ItemGroup>
    <ClCompile Include="dllmain.cpp">
      <Filter>main</Filter>
    </ClCompile>
    <ClCompile Include="imgui\imgui.cpp">
      <Filter>imgui</Filter>
    </ClCompile>
    <ClCompile Include="imgui\imgui_demo.cpp">
      <Filter>imgui</Filter>
    </ClCompile>
    <ClCompile Include="imgui\imgui_draw.cpp">
      <Filter>imgui</Filter>
    </ClCompile>
    <ClCompile Include="imgui\imgui_tables.cpp">
      <Filter>imgui</Filter>
    </ClCompile>
    <ClCompile Include="imgui\imgui_widgets.cpp">
      <Filter>imgui</Filter>
    </ClCompile>
    <ClCompile Include="utils\pattern_scan\pattern_scan.cpp">
      <Filter>utils\pattern_scan</Filter>
    </ClCompile>
    <ClCompile Include="sdk\interfaces\CGameEntitySystem.cpp">
      <Filter>sdk\interfaces\CGameEntitySystem</Filter>
    </ClCompile>
    <ClCompile Include="math\world_to_screen.cpp">
      <Filter>math\world_to_screen</Filter>
    </ClCompile>
    <ClCompile Include="render\utils\colors.cpp">
      <Filter>render\utils\colors</Filter>
    </ClCompile>
    <ClCompile Include="render\utils\gui.cpp">
      <Filter>render\utils\gui</Filter>
    </ClCompile>
    <ClCompile Include="hooks\game_overlay.cpp">
      <Filter>hooks\game_overlay</Filter>
    </ClCompile>
    <ClCompile Include="imgui\imgui_impl_dx11.cpp">
      <Filter>imgui\impl</Filter>
    </ClCompile>
    <ClCompile Include="imgui\imgui_impl_win32.cpp">
      <Filter>imgui\impl</Filter>
    </ClCompile>
    <ClCompile Include="utils\console.cpp">
      <Filter>utils\console</Filter>
    </ClCompile>
    <ClCompile Include="render\render.cpp">
      <Filter>render</Filter>
    </ClCompile>
    <ClCompile Include="sdk\interfaces\CBone.cpp">
      <Filter>sdk\interfaces\CBone</Filter>
    </ClCompile>
    <ClCompile Include="features\esp.cpp">
      <Filter>features\esp</Filter>
    </ClCompile>
    <ClCompile Include="features\utils\bounding_box.cpp">
      <Filter>features\utils</Filter>
    </ClCompile>
    <ClCompile Include="menu\menu.cpp">
      <Filter>menu</Filter>
    </ClCompile>
    <ClCompile Include="menu\options.cpp">
      <Filter>menu\options</Filter>
    </ClCompile>
    <ClCompile Include="sdk\sdk.cpp">
      <Filter>sdk</Filter>
    </ClCompile>
  </ItemGroup>
</Project>